
Microsoft Visual Studio Solution File, Format Version 12.00
# Visual Studio Version 17
VisualStudioVersion = 17.5.002.0
MinimumVisualStudioVersion = 10.0.40219.1
Project("{2150E333-8FDC-42A3-9474-1A3956D46DE8}") = "csharp-prep", "csharp-prep", "{D6D96B7C-524D-49A0-BC46-36A3D96EDBED}"
EndProject
Project("{9A19103F-16F7-4668-BE54-9A1E7A4F7556}") = "Prep1", "csharp-prep\Prep1\Prep1.csproj", "{017EE1C0-9D1B-4039-86C2-61B6860D519C}"
EndProject
Project("{9A19103F-16F7-4668-BE54-9A1E7A4F7556}") = "Prep2", "csharp-prep\Prep2\Prep2.csproj", "{1AE75BA6-A7DB-489F-803C-FA216EB2793E}"
EndProject
Project("{9A19103F-16F7-4668-BE54-9A1E7A4F7556}") = "Prep3", "csharp-prep\Prep3\Prep3.csproj", "{6F107E6C-5B4C-44B6-8610-9D27219BA719}"
EndProject
Project("{9A19103F-16F7-4668-BE54-9A1E7A4F7556}") = "Prep4", "csharp-prep\Prep4\Prep4.csproj", "{2E542E3F-4F1E-4E3B-B2FF-01AB174AA708}"
EndProject
Project("{9A19103F-16F7-4668-BE54-9A1E7A4F7556}") = "Prep5", "csharp-prep\Prep5\Prep5.csproj", "{3BE14D16-D01F-47C3-A937-A1592D749462}"
EndProject
Project("{2150E333-8FDC-42A3-9474-1A3956D46DE8}") = "final", "final", "{6763D5BA-B71A-4836-85AC-8BA08FAAA75F}"
EndProject
Project("{9A19103F-16F7-4668-BE54-9A1E7A4F7556}") = "FinalProject", "final\FinalProject\FinalProject.csproj", "{DD109316-DDE2-408C-B4B3-BD2EA3E9AE83}"
EndProject
Project("{9A19103F-16F7-4668-BE54-9A1E7A4F7556}") = "Foundation1", "final\Foundation1\Foundation1.csproj", "{E9E1EE9A-ED4F-4BE0-B51C-A47FB4593100}"
EndProject
Project("{9A19103F-16F7-4668-BE54-9A1E7A4F7556}") = "Foundation2", "final\Foundation2\Foundation2.csproj", "{2D7F8A89-A12B-4EF4-B669-72466B9500B5}"
EndProject
Project("{9A19103F-16F7-4668-BE54-9A1E7A4F7556}") = "Foundation3", "final\Foundation3\Foundation3.csproj", "{AC159BB9-8BD5-4CA5-B54B-BDD1BC7521C8}"
EndProject
Project("{9A19103F-16F7-4668-BE54-9A1E7A4F7556}") = "Foundation4", "final\Foundation4\Foundation4.csproj", "{B9BC8117-3568-4557-8D38-8AAD8C20DDB0}"
EndProject
Project("{2150E333-8FDC-42A3-9474-1A3956D46DE8}") = "prepare", "prepare", "{75259B17-9B1A-4FED-9B1D-24EB5E91E8C8}"
EndProject
Project("{9A19103F-16F7-4668-BE54-9A1E7A4F7556}") = "Learning02", "prepare\Learning02\Learning02.csproj", "{9E05E36D-8FD2-4252-88AC-4582AFF98D41}"
EndProject
Project("{9A19103F-16F7-4668-BE54-9A1E7A4F7556}") = "Learning03", "prepare\Learning03\Learning03.csproj", "{A8DD026B-7650-4109-A123-9E5C9F296B61}"
EndProject
Project("{9A19103F-16F7-4668-BE54-9A1E7A4F7556}") = "Learning04", "prepare\Learning04\Learning04.csproj", "{6A42BEC9-7D31-41DF-AF5F-6402DA9721FA}"
EndProject
Project("{9A19103F-16F7-4668-BE54-9A1E7A4F7556}") = "Learning05", "prepare\Learning05\Learning05.csproj", "{6669EADD-E8B6-4951-BA40-7E9707522A5E}"
EndProject
Project("{2150E333-8FDC-42A3-9474-1A3956D46DE8}") = "prove", "prove", "{241E8A9A-75EB-4F6E-8584-A4CD99B2EB51}"
EndProject
Project("{9A19103F-16F7-4668-BE54-9A1E7A4F7556}") = "Develop02", "prove\Develop02\Develop02.csproj", "{E6BEE708-FF44-4428-B336-B3FBB87164B8}"
EndProject
Project("{9A19103F-16F7-4668-BE54-9A1E7A4F7556}") = "Develop03", "prove\Develop03\Develop03.csproj", "{4E75AA47-4B84-4E6E-BE89-B0E8961931E1}"
EndProject
Project("{9A19103F-16F7-4668-BE54-9A1E7A4F7556}") = "Develop04", "prove\Develop04\Develop04.csproj", "{0207D55D-704F-4542-B9A2-F68F67BE8115}"
EndProject
Project("{9A19103F-16F7-4668-BE54-9A1E7A4F7556}") = "Develop05", "prove\Develop05\Develop05.csproj", "{FFFAE8B5-7434-487C-A896-8B7A8C2540A4}"
EndProject
Project("{2150E333-8FDC-42A3-9474-1A3956D46DE8}") = "sandbox", "sandbox", "{F0D82E2C-E865-4B44-A0A2-798013B70C51}"
EndProject
Project("{9A19103F-16F7-4668-BE54-9A1E7A4F7556}") = "Sandbox", "sandbox\Sandbox\Sandbox.csproj", "{0CA82CD4-D2B1-4831-BF5D-9845D29ABB1D}"
EndProject
Global
	GlobalSection(SolutionConfigurationPlatforms) = preSolution
		Debug|Any CPU = Debug|Any CPU
		Release|Any CPU = Release|Any CPU
	EndGlobalSection
	GlobalSection(ProjectConfigurationPlatforms) = postSolution
		{017EE1C0-9D1B-4039-86C2-61B6860D519C}.Debug|Any CPU.ActiveCfg = Debug|Any CPU
		{017EE1C0-9D1B-4039-86C2-61B6860D519C}.Debug|Any CPU.Build.0 = Debug|Any CPU
		{017EE1C0-9D1B-4039-86C2-61B6860D519C}.Release|Any CPU.ActiveCfg = Release|Any CPU
		{017EE1C0-9D1B-4039-86C2-61B6860D519C}.Release|Any CPU.Build.0 = Release|Any CPU
		{1AE75BA6-A7DB-489F-803C-FA216EB2793E}.Debug|Any CPU.ActiveCfg = Debug|Any CPU
		{1AE75BA6-A7DB-489F-803C-FA216EB2793E}.Debug|Any CPU.Build.0 = Debug|Any CPU
		{1AE75BA6-A7DB-489F-803C-FA216EB2793E}.Release|Any CPU.ActiveCfg = Release|Any CPU
		{1AE75BA6-A7DB-489F-803C-FA216EB2793E}.Release|Any CPU.Build.0 = Release|Any CPU
		{6F107E6C-5B4C-44B6-8610-9D27219BA719}.Debug|Any CPU.ActiveCfg = Debug|Any CPU
		{6F107E6C-5B4C-44B6-8610-9D27219BA719}.Debug|Any CPU.Build.0 = Debug|Any CPU
		{6F107E6C-5B4C-44B6-8610-9D27219BA719}.Release|Any CPU.ActiveCfg = Release|Any CPU
		{6F107E6C-5B4C-44B6-8610-9D27219BA719}.Release|Any CPU.Build.0 = Release|Any CPU
		{2E542E3F-4F1E-4E3B-B2FF-01AB174AA708}.Debug|Any CPU.ActiveCfg = Debug|Any CPU
		{2E542E3F-4F1E-4E3B-B2FF-01AB174AA708}.Debug|Any CPU.Build.0 = Debug|Any CPU
		{2E542E3F-4F1E-4E3B-B2FF-01AB174AA708}.Release|Any CPU.ActiveCfg = Release|Any CPU
		{2E542E3F-4F1E-4E3B-B2FF-01AB174AA708}.Release|Any CPU.Build.0 = Release|Any CPU
		{3BE14D16-D01F-47C3-A937-A1592D749462}.Debug|Any CPU.ActiveCfg = Debug|Any CPU
		{3BE14D16-D01F-47C3-A937-A1592D749462}.Debug|Any CPU.Build.0 = Debug|Any CPU
		{3BE14D16-D01F-47C3-A937-A1592D749462}.Release|Any CPU.ActiveCfg = Release|Any CPU
		{3BE14D16-D01F-47C3-A937-A1592D749462}.Release|Any CPU.Build.0 = Release|Any CPU
		{DD109316-DDE2-408C-B4B3-BD2EA3E9AE83}.Debug|Any CPU.ActiveCfg = Debug|Any CPU
		{DD109316-DDE2-408C-B4B3-BD2EA3E9AE83}.Debug|Any CPU.Build.0 = Debug|Any CPU
		{DD109316-DDE2-408C-B4B3-BD2EA3E9AE83}.Release|Any CPU.ActiveCfg = Release|Any CPU
		{DD109316-DDE2-408C-B4B3-BD2EA3E9AE83}.Release|Any CPU.Build.0 = Release|Any CPU
		{E9E1EE9A-ED4F-4BE0-B51C-A47FB4593100}.Debug|Any CPU.ActiveCfg = Debug|Any CPU
		{E9E1EE9A-ED4F-4BE0-B51C-A47FB4593100}.Debug|Any CPU.Build.0 = Debug|Any CPU
		{E9E1EE9A-ED4F-4BE0-B51C-A47FB4593100}.Release|Any CPU.ActiveCfg = Release|Any CPU
		{E9E1EE9A-ED4F-4BE0-B51C-A47FB4593100}.Release|Any CPU.Build.0 = Release|Any CPU
		{2D7F8A89-A12B-4EF4-B669-72466B9500B5}.Debug|Any CPU.ActiveCfg = Debug|Any CPU
		{2D7F8A89-A12B-4EF4-B669-72466B9500B5}.Debug|Any CPU.Build.0 = Debug|Any CPU
		{2D7F8A89-A12B-4EF4-B669-72466B9500B5}.Release|Any CPU.ActiveCfg = Release|Any CPU
		{2D7F8A89-A12B-4EF4-B669-72466B9500B5}.Release|Any CPU.Build.0 = Release|Any CPU
		{AC159BB9-8BD5-4CA5-B54B-BDD1BC7521C8}.Debug|Any CPU.ActiveCfg = Debug|Any CPU
		{AC159BB9-8BD5-4CA5-B54B-BDD1BC7521C8}.Debug|Any CPU.Build.0 = Debug|Any CPU
		{AC159BB9-8BD5-4CA5-B54B-BDD1BC7521C8}.Release|Any CPU.ActiveCfg = Release|Any CPU
		{AC159BB9-8BD5-4CA5-B54B-BDD1BC7521C8}.Release|Any CPU.Build.0 = Release|Any CPU
		{B9BC8117-3568-4557-8D38-8AAD8C20DDB0}.Debug|Any CPU.ActiveCfg = Debug|Any CPU
		{B9BC8117-3568-4557-8D38-8AAD8C20DDB0}.Debug|Any CPU.Build.0 = Debug|Any CPU
		{B9BC8117-3568-4557-8D38-8AAD8C20DDB0}.Release|Any CPU.ActiveCfg = Release|Any CPU
		{B9BC8117-3568-4557-8D38-8AAD8C20DDB0}.Release|Any CPU.Build.0 = Release|Any CPU
		{9E05E36D-8FD2-4252-88AC-4582AFF98D41}.Debug|Any CPU.ActiveCfg = Debug|Any CPU
		{9E05E36D-8FD2-4252-88AC-4582AFF98D41}.Debug|Any CPU.Build.0 = Debug|Any CPU
		{9E05E36D-8FD2-4252-88AC-4582AFF98D41}.Release|Any CPU.ActiveCfg = Release|Any CPU
		{9E05E36D-8FD2-4252-88AC-4582AFF98D41}.Release|Any CPU.Build.0 = Release|Any CPU
		{A8DD026B-7650-4109-A123-9E5C9F296B61}.Debug|Any CPU.ActiveCfg = Debug|Any CPU
		{A8DD026B-7650-4109-A123-9E5C9F296B61}.Debug|Any CPU.Build.0 = Debug|Any CPU
		{A8DD026B-7650-4109-A123-9E5C9F296B61}.Release|Any CPU.ActiveCfg = Release|Any CPU
		{A8DD026B-7650-4109-A123-9E5C9F296B61}.Release|Any CPU.Build.0 = Release|Any CPU
		{6A42BEC9-7D31-41DF-AF5F-6402DA9721FA}.Debug|Any CPU.ActiveCfg = Debug|Any CPU
		{6A42BEC9-7D31-41DF-AF5F-6402DA9721FA}.Debug|Any CPU.Build.0 = Debug|Any CPU
		{6A42BEC9-7D31-41DF-AF5F-6402DA9721FA}.Release|Any CPU.ActiveCfg = Release|Any CPU
		{6A42BEC9-7D31-41DF-AF5F-6402DA9721FA}.Release|Any CPU.Build.0 = Release|Any CPU
		{6669EADD-E8B6-4951-BA40-7E9707522A5E}.Debug|Any CPU.ActiveCfg = Debug|Any CPU
		{6669EADD-E8B6-4951-BA40-7E9707522A5E}.Debug|Any CPU.Build.0 = Debug|Any CPU
		{6669EADD-E8B6-4951-BA40-7E9707522A5E}.Release|Any CPU.ActiveCfg = Release|Any CPU
		{6669EADD-E8B6-4951-BA40-7E9707522A5E}.Release|Any CPU.Build.0 = Release|Any CPU
		{E6BEE708-FF44-4428-B336-B3FBB87164B8}.Debug|Any CPU.ActiveCfg = Debug|Any CPU
		{E6BEE708-FF44-4428-B336-B3FBB87164B8}.Debug|Any CPU.Build.0 = Debug|Any CPU
		{E6BEE708-FF44-4428-B336-B3FBB87164B8}.Release|Any CPU.ActiveCfg = Release|Any CPU
		{E6BEE708-FF44-4428-B336-B3FBB87164B8}.Release|Any CPU.Build.0 = Release|Any CPU
		{4E75AA47-4B84-4E6E-BE89-B0E8961931E1}.Debug|Any CPU.ActiveCfg = Debug|Any CPU
		{4E75AA47-4B84-4E6E-BE89-B0E8961931E1}.Debug|Any CPU.Build.0 = Debug|Any CPU
		{4E75AA47-4B84-4E6E-BE89-B0E8961931E1}.Release|Any CPU.ActiveCfg = Release|Any CPU
		{4E75AA47-4B84-4E6E-BE89-B0E8961931E1}.Release|Any CPU.Build.0 = Release|Any CPU
		{0207D55D-704F-4542-B9A2-F68F67BE8115}.Debug|Any CPU.ActiveCfg = Debug|Any CPU
		{0207D55D-704F-4542-B9A2-F68F67BE8115}.Debug|Any CPU.Build.0 = Debug|Any CPU
		{0207D55D-704F-4542-B9A2-F68F67BE8115}.Release|Any CPU.ActiveCfg = Release|Any CPU
		{0207D55D-704F-4542-B9A2-F68F67BE8115}.Release|Any CPU.Build.0 = Release|Any CPU
		{FFFAE8B5-7434-487C-A896-8B7A8C2540A4}.Debug|Any CPU.ActiveCfg = Debug|Any CPU
		{FFFAE8B5-7434-487C-A896-8B7A8C2540A4}.Debug|Any CPU.Build.0 = Debug|Any CPU
		{FFFAE8B5-7434-487C-A896-8B7A8C2540A4}.Release|Any CPU.ActiveCfg = Release|Any CPU
		{FFFAE8B5-7434-487C-A896-8B7A8C2540A4}.Release|Any CPU.Build.0 = Release|Any CPU
		{0CA82CD4-D2B1-4831-BF5D-9845D29ABB1D}.Debug|Any CPU.ActiveCfg = Debug|Any CPU
		{0CA82CD4-D2B1-4831-BF5D-9845D29ABB1D}.Debug|Any CPU.Build.0 = Debug|Any CPU
		{0CA82CD4-D2B1-4831-BF5D-9845D29ABB1D}.Release|Any CPU.ActiveCfg = Release|Any CPU
		{0CA82CD4-D2B1-4831-BF5D-9845D29ABB1D}.Release|Any CPU.Build.0 = Release|Any CPU
	EndGlobalSection
	GlobalSection(SolutionProperties) = preSolution
		HideSolutionNode = FALSE
	EndGlobalSection
	GlobalSection(NestedProjects) = preSolution
		{017EE1C0-9D1B-4039-86C2-61B6860D519C} = {D6D96B7C-524D-49A0-BC46-36A3D96EDBED}
		{1AE75BA6-A7DB-489F-803C-FA216EB2793E} = {D6D96B7C-524D-49A0-BC46-36A3D96EDBED}
		{6F107E6C-5B4C-44B6-8610-9D27219BA719} = {D6D96B7C-524D-49A0-BC46-36A3D96EDBED}
		{2E542E3F-4F1E-4E3B-B2FF-01AB174AA708} = {D6D96B7C-524D-49A0-BC46-36A3D96EDBED}
		{3BE14D16-D01F-47C3-A937-A1592D749462} = {D6D96B7C-524D-49A0-BC46-36A3D96EDBED}
		{DD109316-DDE2-408C-B4B3-BD2EA3E9AE83} = {6763D5BA-B71A-4836-85AC-8BA08FAAA75F}
		{E9E1EE9A-ED4F-4BE0-B51C-A47FB4593100} = {6763D5BA-B71A-4836-85AC-8BA08FAAA75F}
		{2D7F8A89-A12B-4EF4-B669-72466B9500B5} = {6763D5BA-B71A-4836-85AC-8BA08FAAA75F}
		{AC159BB9-8BD5-4CA5-B54B-BDD1BC7521C8} = {6763D5BA-B71A-4836-85AC-8BA08FAAA75F}
		{B9BC8117-3568-4557-8D38-8AAD8C20DDB0} = {6763D5BA-B71A-4836-85AC-8BA08FAAA75F}
		{9E05E36D-8FD2-4252-88AC-4582AFF98D41} = {75259B17-9B1A-4FED-9B1D-24EB5E91E8C8}
		{A8DD026B-7650-4109-A123-9E5C9F296B61} = {75259B17-9B1A-4FED-9B1D-24EB5E91E8C8}
		{6A42BEC9-7D31-41DF-AF5F-6402DA9721FA} = {75259B17-9B1A-4FED-9B1D-24EB5E91E8C8}
		{6669EADD-E8B6-4951-BA40-7E9707522A5E} = {75259B17-9B1A-4FED-9B1D-24EB5E91E8C8}
		{E6BEE708-FF44-4428-B336-B3FBB87164B8} = {241E8A9A-75EB-4F6E-8584-A4CD99B2EB51}
		{4E75AA47-4B84-4E6E-BE89-B0E8961931E1} = {241E8A9A-75EB-4F6E-8584-A4CD99B2EB51}
		{0207D55D-704F-4542-B9A2-F68F67BE8115} = {241E8A9A-75EB-4F6E-8584-A4CD99B2EB51}
		{FFFAE8B5-7434-487C-A896-8B7A8C2540A4} = {241E8A9A-75EB-4F6E-8584-A4CD99B2EB51}
		{0CA82CD4-D2B1-4831-BF5D-9845D29ABB1D} = {F0D82E2C-E865-4B44-A0A2-798013B70C51}
	EndGlobalSection
	GlobalSection(ExtensibilityGlobals) = postSolution
		SolutionGuid = {E9D3E431-5A76-464C-BEC0-4133819DBA63}
	EndGlobalSection
EndGlobal
